
Microsoft Visual Studio Solution File, Format Version 12.00
# Visual Studio Version 17
VisualStudioVersion = 17.1.32319.34
MinimumVisualStudioVersion = 10.0.40219.1
Project("{FAE04EC0-301F-11D3-BF4B-00C04F79EFBC}") = "Task_12_1_5", "Task_12_1_5.csproj", "{0BC605B4-A4F3-4862-A2E2-442B9E3E9508}"
EndProject
Global
	GlobalSection(SolutionConfigurationPlatforms) = preSolution
		Debug|Any CPU = Debug|Any CPU
		Release|Any CPU = Release|Any CPU
	EndGlobalSection
	GlobalSection(ProjectConfigurationPlatforms) = postSolution
		{0BC605B4-A4F3-4862-A2E2-442B9E3E9508}.Debug|Any CPU.ActiveCfg = Debug|Any CPU
		{0BC605B4-A4F3-4862-A2E2-442B9E3E9508}.Debug|Any CPU.Build.0 = Debug|Any CPU
		{0BC605B4-A4F3-4862-A2E2-442B9E3E9508}.Release|Any CPU.ActiveCfg = Release|Any CPU
		{0BC605B4-A4F3-4862-A2E2-442B9E3E9508}.Release|Any CPU.Build.0 = Release|Any CPU
	EndGlobalSection
	GlobalSection(SolutionProperties) = preSolution
		HideSolutionNode = FALSE
	EndGlobalSection
	GlobalSection(ExtensibilityGlobals) = postSolution
		SolutionGuid = {E13B964F-1156-41AB-85C3-87FFFCE17670}
	EndGlobalSection
EndGlobal
